
Microsoft Visual Studio Solution File, Format Version 12.00
# Visual Studio 15
VisualStudioVersion = 15.0.28010.2046
MinimumVisualStudioVersion = 10.0.40219.1
Project("{FAE04EC0-301F-11D3-BF4B-00C04F79EFBC}") = "WeakEventHandler.Fody", "WeakEventHandler.Fody\WeakEventHandler.Fody.csproj", "{0AF40016-BE14-470C-BD94-0A0924601FC9}"
EndProject
Project("{FAE04EC0-301F-11D3-BF4B-00C04F79EFBC}") = "WeakEventHandler", "WeakEventHandler\WeakEventHandler.csproj", "{815798C9-5F25-45F3-B20C-B2DA28CB7700}"
EndProject
Project("{FAE04EC0-301F-11D3-BF4B-00C04F79EFBC}") = "Tests", "Tests\Tests.csproj", "{99DAFBE2-C91F-41D0-9C41-8F0DB5A64061}"
EndProject
Project("{2150E333-8FDC-42A3-9474-1A3956D46DE8}") = "Solution Items", "Solution Items", "{25894F10-D6EA-43E1-B5A6-B69E0610F33A}"
	ProjectSection(SolutionItems) = preProject
		appveyor.yml = appveyor.yml
		Common.props = Common.props
		Directory.Build.props = Directory.Build.props
		LICENSE = LICENSE
	EndProjectSection
EndProject
Global
	GlobalSection(SolutionConfigurationPlatforms) = preSolution
		Debug|Any CPU = Debug|Any CPU
		Release|Any CPU = Release|Any CPU
	EndGlobalSection
	GlobalSection(ProjectConfigurationPlatforms) = postSolution
		{0AF40016-BE14-470C-BD94-0A0924601FC9}.Debug|Any CPU.ActiveCfg = Debug|Any CPU
		{0AF40016-BE14-470C-BD94-0A0924601FC9}.Debug|Any CPU.Build.0 = Debug|Any CPU
		{0AF40016-BE14-470C-BD94-0A0924601FC9}.Release|Any CPU.ActiveCfg = Release|Any CPU
		{0AF40016-BE14-470C-BD94-0A0924601FC9}.Release|Any CPU.Build.0 = Release|Any CPU
		{815798C9-5F25-45F3-B20C-B2DA28CB7700}.Debug|Any CPU.ActiveCfg = Debug|Any CPU
		{815798C9-5F25-45F3-B20C-B2DA28CB7700}.Debug|Any CPU.Build.0 = Debug|Any CPU
		{815798C9-5F25-45F3-B20C-B2DA28CB7700}.Release|Any CPU.ActiveCfg = Release|Any CPU
		{815798C9-5F25-45F3-B20C-B2DA28CB7700}.Release|Any CPU.Build.0 = Release|Any CPU
		{99DAFBE2-C91F-41D0-9C41-8F0DB5A64061}.Debug|Any CPU.ActiveCfg = Debug|Any CPU
		{99DAFBE2-C91F-41D0-9C41-8F0DB5A64061}.Debug|Any CPU.Build.0 = Debug|Any CPU
		{99DAFBE2-C91F-41D0-9C41-8F0DB5A64061}.Release|Any CPU.ActiveCfg = Release|Any CPU
		{99DAFBE2-C91F-41D0-9C41-8F0DB5A64061}.Release|Any CPU.Build.0 = Release|Any CPU
	EndGlobalSection
	GlobalSection(SolutionProperties) = preSolution
		HideSolutionNode = FALSE
	EndGlobalSection
	GlobalSection(ExtensibilityGlobals) = postSolution
		SolutionGuid = {B310429D-574D-447E-AE7F-89A4BEBF5863}
	EndGlobalSection
EndGlobal
